
Microsoft Visual Studio Solution File, Format Version 12.00
# Visual Studio 2012
Project("{FAE04EC0-301F-11D3-BF4B-00C04F79EFBC}") = "MahApps.Metro.SampleData", "SampleData\MahApps.Metro.SampleData.csproj", "{2553A2F3-9FF5-43FB-9C23-C413AF95EBC8}"
EndProject
Project("{FAE04EC0-301F-11D3-BF4B-00C04F79EFBC}") = "MahApp.Metro.Panorama", "Panorama\MahApp.Metro.Panorama.csproj", "{304316BD-D7CA-47AD-AC10-3A2A646A9979}"
EndProject
Project("{FAE04EC0-301F-11D3-BF4B-00C04F79EFBC}") = "MahApps.Metro.TabControl", "TabControl\MahApps.Metro.TabControl.csproj", "{6145D45C-3869-41DD-A5E7-71064753E130}"
EndProject
Project("{2150E333-8FDC-42A3-9474-1A3956D46DE8}") = ".nuget", ".nuget", "{93EC1E23-34DD-46B1-AEBC-83259177DDA7}"
	ProjectSection(SolutionItems) = preProject
		.nuget\NuGet.Config = .nuget\NuGet.Config
		.nuget\NuGet.exe = .nuget\NuGet.exe
		.nuget\NuGet.targets = .nuget\NuGet.targets
	EndProjectSection
EndProject
Global
	GlobalSection(SolutionConfigurationPlatforms) = preSolution
		Debug|Any CPU = Debug|Any CPU
		Release|Any CPU = Release|Any CPU
	EndGlobalSection
	GlobalSection(ProjectConfigurationPlatforms) = postSolution
		{2553A2F3-9FF5-43FB-9C23-C413AF95EBC8}.Debug|Any CPU.ActiveCfg = Debug|Any CPU
		{2553A2F3-9FF5-43FB-9C23-C413AF95EBC8}.Debug|Any CPU.Build.0 = Debug|Any CPU
		{2553A2F3-9FF5-43FB-9C23-C413AF95EBC8}.Release|Any CPU.ActiveCfg = Release|Any CPU
		{2553A2F3-9FF5-43FB-9C23-C413AF95EBC8}.Release|Any CPU.Build.0 = Release|Any CPU
		{304316BD-D7CA-47AD-AC10-3A2A646A9979}.Debug|Any CPU.ActiveCfg = Debug|Any CPU
		{304316BD-D7CA-47AD-AC10-3A2A646A9979}.Debug|Any CPU.Build.0 = Debug|Any CPU
		{304316BD-D7CA-47AD-AC10-3A2A646A9979}.Release|Any CPU.ActiveCfg = Release|Any CPU
		{304316BD-D7CA-47AD-AC10-3A2A646A9979}.Release|Any CPU.Build.0 = Release|Any CPU
		{6145D45C-3869-41DD-A5E7-71064753E130}.Debug|Any CPU.ActiveCfg = Debug|Any CPU
		{6145D45C-3869-41DD-A5E7-71064753E130}.Debug|Any CPU.Build.0 = Debug|Any CPU
		{6145D45C-3869-41DD-A5E7-71064753E130}.Release|Any CPU.ActiveCfg = Release|Any CPU
		{6145D45C-3869-41DD-A5E7-71064753E130}.Release|Any CPU.Build.0 = Release|Any CPU
	EndGlobalSection
	GlobalSection(SolutionProperties) = preSolution
		HideSolutionNode = FALSE
	EndGlobalSection
EndGlobal
